
Microsoft Visual Studio Solution File, Format Version 12.00
# Visual Studio Version 16
VisualStudioVersion = 25.0.1704.2
MinimumVisualStudioVersion = 10.0.40219.1
Project("{FAE04EC0-301F-11D3-BF4B-00C04F79EFBC}") = "Test Project", "Test Project\Test Project.csproj", "{89D34497-C832-4DCE-830E-FD99C329C4CD}"
EndProject
Global
	GlobalSection(SolutionConfigurationPlatforms) = preSolution
		Debug|Any CPU = Debug|Any CPU
		Release|Any CPU = Release|Any CPU
	EndGlobalSection
	GlobalSection(ProjectConfigurationPlatforms) = postSolution
		{89D34497-C832-4DCE-830E-FD99C329C4CD}.Debug|Any CPU.ActiveCfg = Debug|Any CPU
		{89D34497-C832-4DCE-830E-FD99C329C4CD}.Debug|Any CPU.Build.0 = Debug|Any CPU
		{89D34497-C832-4DCE-830E-FD99C329C4CD}.Release|Any CPU.ActiveCfg = Release|Any CPU
		{89D34497-C832-4DCE-830E-FD99C329C4CD}.Release|Any CPU.Build.0 = Release|Any CPU
	EndGlobalSection
	GlobalSection(SolutionProperties) = preSolution
		HideSolutionNode = FALSE
	EndGlobalSection
	GlobalSection(ExtensibilityGlobals) = postSolution
		SolutionGuid = {8C7F38B4-ABAB-4C7E-A854-B740F94F9594}
	EndGlobalSection
EndGlobal
